// !$*UTF8*$!
{
	archiveVersion = 1;
	classes = {
	};
	objectVersion = 77;
	objects = {

/* Begin PBXBuildFile section */
		44CA0E022D927EA10089E6B0 /* SnapKit in Frameworks */ = {isa = PBXBuildFile; productRef = 44CA0E012D927EA10089E6B0 /* SnapKit */; };
/* End PBXBuildFile section */

/* Begin PBXContainerItemProxy section */
		441995012D9CF4F0004CBA25 /* PBXContainerItemProxy */ = {
			isa = PBXContainerItemProxy;
			containerPortal = 44CA0DDE2D927C210089E6B0 /* Project object */;
			proxyType = 1;
			remoteGlobalIDString = 44CA0DE52D927C210089E6B0;
			remoteInfo = HarryPotterBooks;
		};
		4481445E2D93FB94007BDE19 /* PBXContainerItemProxy */ = {
			isa = PBXContainerItemProxy;
			containerPortal = 44CA0DDE2D927C210089E6B0 /* Project object */;
			proxyType = 1;
			remoteGlobalIDString = 44CA0DE52D927C210089E6B0;
			remoteInfo = HarryPotterBooks;
		};
/* End PBXContainerItemProxy section */

/* Begin PBXFileReference section */
		441994FB2D9CF4F0004CBA25 /* HarryPotterBooksUITests.xctest */ = {isa = PBXFileReference; explicitFileType = wrapper.cfbundle; includeInIndex = 0; path = HarryPotterBooksUITests.xctest; sourceTree = BUILT_PRODUCTS_DIR; };
		4481445A2D93FB94007BDE19 /* HarryPotterBooksTests.xctest */ = {isa = PBXFileReference; explicitFileType = wrapper.cfbundle; includeInIndex = 0; path = HarryPotterBooksTests.xctest; sourceTree = BUILT_PRODUCTS_DIR; };
		44CA0DE62D927C210089E6B0 /* HarryPotterBooks.app */ = {isa = PBXFileReference; explicitFileType = wrapper.application; includeInIndex = 0; path = HarryPotterBooks.app; sourceTree = BUILT_PRODUCTS_DIR; };
/* End PBXFileReference section */

/* Begin PBXFileSystemSynchronizedBuildFileExceptionSet section */
		448144642D93FBC5007BDE19 /* Exceptions for "HarryPotterBooks" folder in "HarryPotterBooksTests" target */ = {
			isa = PBXFileSystemSynchronizedBuildFileExceptionSet;
			membershipExceptions = (
				Data/DTO/BookDTO.swift,
				Data/Storage/AppStatesStorage.swift,
				Data/Storage/DataService.swift,
				Domain/Entity/Book.swift,
				Domain/UseCase/FetchBooksUseCase.swift,
				Domain/UseCase/FetchExpandedStateUseCase.swift,
				Domain/UseCase/FetchLastSelectedSeriesNumberUseCase.swift,
				Domain/UseCase/UpdateExpandedStateUseCase.swift,
				Domain/UseCase/UpdateLastSelectedSeriesNumberUseCase.swift,
				Presentation/MainViewModel.swift,
				"Utility/Array+Extensions.swift",
				"Utility/Date+Extensions.swift",
			);
			target = 448144592D93FB94007BDE19 /* HarryPotterBooksTests */;
		};
		44CA0DF82D927C220089E6B0 /* Exceptions for "HarryPotterBooks" folder in "HarryPotterBooks" target */ = {
			isa = PBXFileSystemSynchronizedBuildFileExceptionSet;
			membershipExceptions = (
				Info.plist,
			);
			target = 44CA0DE52D927C210089E6B0 /* HarryPotterBooks */;
		};
/* End PBXFileSystemSynchronizedBuildFileExceptionSet section */

/* Begin PBXFileSystemSynchronizedRootGroup section */
		441994FC2D9CF4F0004CBA25 /* HarryPotterBooksUITests */ = {
			isa = PBXFileSystemSynchronizedRootGroup;
			path = HarryPotterBooksUITests;
			sourceTree = "<group>";
		};
		4481445B2D93FB94007BDE19 /* HarryPotterBooksTests */ = {
			isa = PBXFileSystemSynchronizedRootGroup;
			path = HarryPotterBooksTests;
			sourceTree = "<group>";
		};
		44CA0DE82D927C210089E6B0 /* HarryPotterBooks */ = {
			isa = PBXFileSystemSynchronizedRootGroup;
			exceptions = (
				44CA0DF82D927C220089E6B0 /* Exceptions for "HarryPotterBooks" folder in "HarryPotterBooks" target */,
				448144642D93FBC5007BDE19 /* Exceptions for "HarryPotterBooks" folder in "HarryPotterBooksTests" target */,
			);
			path = HarryPotterBooks;
			sourceTree = "<group>";
		};
/* End PBXFileSystemSynchronizedRootGroup section */

/* Begin PBXFrameworksBuildPhase section */
		441994F82D9CF4F0004CBA25 /* Frameworks */ = {
			isa = PBXFrameworksBuildPhase;
			buildActionMask = 2147483647;
			files = (
			);
			runOnlyForDeploymentPostprocessing = 0;
		};
		448144572D93FB94007BDE19 /* Frameworks */ = {
			isa = PBXFrameworksBuildPhase;
			buildActionMask = 2147483647;
			files = (
			);
			runOnlyForDeploymentPostprocessing = 0;
		};
		44CA0DE32D927C210089E6B0 /* Frameworks */ = {
			isa = PBXFrameworksBuildPhase;
			buildActionMask = 2147483647;
			files = (
				44CA0E022D927EA10089E6B0 /* SnapKit in Frameworks */,
			);
			runOnlyForDeploymentPostprocessing = 0;
		};
/* End PBXFrameworksBuildPhase section */

/* Begin PBXGroup section */
		44CA0DDD2D927C210089E6B0 = {
			isa = PBXGroup;
			children = (
				44CA0DE82D927C210089E6B0 /* HarryPotterBooks */,
				4481445B2D93FB94007BDE19 /* HarryPotterBooksTests */,
				441994FC2D9CF4F0004CBA25 /* HarryPotterBooksUITests */,
				44CA0DE72D927C210089E6B0 /* Products */,
			);
			sourceTree = "<group>";
		};
		44CA0DE72D927C210089E6B0 /* Products */ = {
			isa = PBXGroup;
			children = (
				44CA0DE62D927C210089E6B0 /* HarryPotterBooks.app */,
				4481445A2D93FB94007BDE19 /* HarryPotterBooksTests.xctest */,
				441994FB2D9CF4F0004CBA25 /* HarryPotterBooksUITests.xctest */,
			);
			name = Products;
			sourceTree = "<group>";
		};
/* End PBXGroup section */

/* Begin PBXNativeTarget section */
		441994FA2D9CF4F0004CBA25 /* HarryPotterBooksUITests */ = {
			isa = PBXNativeTarget;
			buildConfigurationList = 441995052D9CF4F0004CBA25 /* Build configuration list for PBXNativeTarget "HarryPotterBooksUITests" */;
			buildPhases = (
				441994F72D9CF4F0004CBA25 /* Sources */,
				441994F82D9CF4F0004CBA25 /* Frameworks */,
				441994F92D9CF4F0004CBA25 /* Resources */,
			);
			buildRules = (
			);
			dependencies = (
				441995022D9CF4F0004CBA25 /* PBXTargetDependency */,
			);
			fileSystemSynchronizedGroups = (
				441994FC2D9CF4F0004CBA25 /* HarryPotterBooksUITests */,
			);
			name = HarryPotterBooksUITests;
			packageProductDependencies = (
			);
			productName = HarryPotterBooksUITests;
			productReference = 441994FB2D9CF4F0004CBA25 /* HarryPotterBooksUITests.xctest */;
			productType = "com.apple.product-type.bundle.ui-testing";
		};
		448144592D93FB94007BDE19 /* HarryPotterBooksTests */ = {
			isa = PBXNativeTarget;
			buildConfigurationList = 448144622D93FB94007BDE19 /* Build configuration list for PBXNativeTarget "HarryPotterBooksTests" */;
			buildPhases = (
				448144562D93FB94007BDE19 /* Sources */,
				448144572D93FB94007BDE19 /* Frameworks */,
				448144582D93FB94007BDE19 /* Resources */,
			);
			buildRules = (
			);
			dependencies = (
				4481445F2D93FB94007BDE19 /* PBXTargetDependency */,
			);
			fileSystemSynchronizedGroups = (
				4481445B2D93FB94007BDE19 /* HarryPotterBooksTests */,
			);
			name = HarryPotterBooksTests;
			packageProductDependencies = (
			);
			productName = HarryPotterBooksTests;
			productReference = 4481445A2D93FB94007BDE19 /* HarryPotterBooksTests.xctest */;
			productType = "com.apple.product-type.bundle.unit-test";
		};
		44CA0DE52D927C210089E6B0 /* HarryPotterBooks */ = {
			isa = PBXNativeTarget;
			buildConfigurationList = 44CA0DF92D927C220089E6B0 /* Build configuration list for PBXNativeTarget "HarryPotterBooks" */;
			buildPhases = (
				44CA0DE22D927C210089E6B0 /* Sources */,
				44CA0DE32D927C210089E6B0 /* Frameworks */,
				44CA0DE42D927C210089E6B0 /* Resources */,
			);
			buildRules = (
			);
			dependencies = (
			);
			fileSystemSynchronizedGroups = (
				44CA0DE82D927C210089E6B0 /* HarryPotterBooks */,
			);
			name = HarryPotterBooks;
			packageProductDependencies = (
				44CA0E012D927EA10089E6B0 /* SnapKit */,
			);
			productName = HarryPotterBooks;
			productReference = 44CA0DE62D927C210089E6B0 /* HarryPotterBooks.app */;
			productType = "com.apple.product-type.application";
		};
/* End PBXNativeTarget section */

/* Begin PBXProject section */
		44CA0DDE2D927C210089E6B0 /* Project object */ = {
			isa = PBXProject;
			attributes = {
				BuildIndependentTargetsInParallel = 1;
				LastSwiftUpdateCheck = 1630;
				LastUpgradeCheck = 1620;
				TargetAttributes = {
					441994FA2D9CF4F0004CBA25 = {
						CreatedOnToolsVersion = 16.3;
						TestTargetID = 44CA0DE52D927C210089E6B0;
					};
					448144592D93FB94007BDE19 = {
						CreatedOnToolsVersion = 16.2;
						TestTargetID = 44CA0DE52D927C210089E6B0;
					};
					44CA0DE52D927C210089E6B0 = {
						CreatedOnToolsVersion = 16.2;
					};
				};
			};
			buildConfigurationList = 44CA0DE12D927C210089E6B0 /* Build configuration list for PBXProject "HarryPotterBooks" */;
			developmentRegion = en;
			hasScannedForEncodings = 0;
			knownRegions = (
				en,
				Base,
			);
			mainGroup = 44CA0DDD2D927C210089E6B0;
			minimizedProjectReferenceProxies = 1;
			packageReferences = (
				44CA0E002D927EA10089E6B0 /* XCRemoteSwiftPackageReference "SnapKit" */,
			);
			preferredProjectObjectVersion = 77;
			productRefGroup = 44CA0DE72D927C210089E6B0 /* Products */;
			projectDirPath = "";
			projectRoot = "";
			targets = (
				44CA0DE52D927C210089E6B0 /* HarryPotterBooks */,
				448144592D93FB94007BDE19 /* HarryPotterBooksTests */,
				441994FA2D9CF4F0004CBA25 /* HarryPotterBooksUITests */,
			);
		};
/* End PBXProject section */

/* Begin PBXResourcesBuildPhase section */
		441994F92D9CF4F0004CBA25 /* Resources */ = {
			isa = PBXResourcesBuildPhase;
			buildActionMask = 2147483647;
			files = (
			);
			runOnlyForDeploymentPostprocessing = 0;
		};
		448144582D93FB94007BDE19 /* Resources */ = {
			isa = PBXResourcesBuildPhase;
			buildActionMask = 2147483647;
			files = (
			);
			runOnlyForDeploymentPostprocessing = 0;
		};
		44CA0DE42D927C210089E6B0 /* Resources */ = {
			isa = PBXResourcesBuildPhase;
			buildActionMask = 2147483647;
			files = (
			);
			runOnlyForDeploymentPostprocessing = 0;
		};
/* End PBXResourcesBuildPhase section */

/* Begin PBXSourcesBuildPhase section */
		441994F72D9CF4F0004CBA25 /* Sources */ = {
			isa = PBXSourcesBuildPhase;
			buildActionMask = 2147483647;
			files = (
			);
			runOnlyForDeploymentPostprocessing = 0;
		};
		448144562D93FB94007BDE19 /* Sources */ = {
			isa = PBXSourcesBuildPhase;
			buildActionMask = 2147483647;
			files = (
			);
			runOnlyForDeploymentPostprocessing = 0;
		};
		44CA0DE22D927C210089E6B0 /* Sources */ = {
			isa = PBXSourcesBuildPhase;
			buildActionMask = 2147483647;
			files = (
			);
			runOnlyForDeploymentPostprocessing = 0;
		};
/* End PBXSourcesBuildPhase section */

/* Begin PBXTargetDependency section */
		441995022D9CF4F0004CBA25 /* PBXTargetDependency */ = {
			isa = PBXTargetDependency;
			target = 44CA0DE52D927C210089E6B0 /* HarryPotterBooks */;
			targetProxy = 441995012D9CF4F0004CBA25 /* PBXContainerItemProxy */;
		};
		4481445F2D93FB94007BDE19 /* PBXTargetDependency */ = {
			isa = PBXTargetDependency;
			target = 44CA0DE52D927C210089E6B0 /* HarryPotterBooks */;
			targetProxy = 4481445E2D93FB94007BDE19 /* PBXContainerItemProxy */;
		};
/* End PBXTargetDependency section */

/* Begin XCBuildConfiguration section */
		441995032D9CF4F0004CBA25 /* Debug */ = {
			isa = XCBuildConfiguration;
			buildSettings = {
				CODE_SIGN_STYLE = Automatic;
				CURRENT_PROJECT_VERSION = 1;
				DEVELOPMENT_TEAM = 37CRZBHS68;
				GENERATE_INFOPLIST_FILE = YES;
				IPHONEOS_DEPLOYMENT_TARGET = 16.0;
				MACOSX_DEPLOYMENT_TARGET = 15.3;
				MARKETING_VERSION = 1.0;
				PRODUCT_BUNDLE_IDENTIFIER = youseokhwan.HarryPotterBooksUITests;
				PRODUCT_NAME = "$(TARGET_NAME)";
				SDKROOT = auto;
				SUPPORTED_PLATFORMS = "iphoneos iphonesimulator";
				SUPPORTS_MACCATALYST = NO;
				SWIFT_EMIT_LOC_STRINGS = NO;
				SWIFT_VERSION = 5.0;
				TARGETED_DEVICE_FAMILY = 1;
				TEST_TARGET_NAME = HarryPotterBooks;
				XROS_DEPLOYMENT_TARGET = 2.4;
			};
			name = Debug;
		};
		441995042D9CF4F0004CBA25 /* Release */ = {
			isa = XCBuildConfiguration;
			buildSettings = {
				CODE_SIGN_STYLE = Automatic;
				CURRENT_PROJECT_VERSION = 1;
				DEVELOPMENT_TEAM = 37CRZBHS68;
				GENERATE_INFOPLIST_FILE = YES;
				IPHONEOS_DEPLOYMENT_TARGET = 16.0;
				MACOSX_DEPLOYMENT_TARGET = 15.3;
				MARKETING_VERSION = 1.0;
				PRODUCT_BUNDLE_IDENTIFIER = youseokhwan.HarryPotterBooksUITests;
				PRODUCT_NAME = "$(TARGET_NAME)";
				SDKROOT = auto;
				SUPPORTED_PLATFORMS = "iphoneos iphonesimulator";
				SUPPORTS_MACCATALYST = NO;
				SWIFT_EMIT_LOC_STRINGS = NO;
				SWIFT_VERSION = 5.0;
				TARGETED_DEVICE_FAMILY = 1;
				TEST_TARGET_NAME = HarryPotterBooks;
				XROS_DEPLOYMENT_TARGET = 2.4;
			};
			name = Release;
		};
		448144602D93FB94007BDE19 /* Debug */ = {
			isa = XCBuildConfiguration;
			buildSettings = {
				BUNDLE_LOADER = "$(TEST_HOST)";
				CODE_SIGN_STYLE = Automatic;
				CURRENT_PROJECT_VERSION = 1;
				DEVELOPMENT_TEAM = 37CRZBHS68;
				GENERATE_INFOPLIST_FILE = YES;
				IPHONEOS_DEPLOYMENT_TARGET = 16.0;
				MACOSX_DEPLOYMENT_TARGET = 15.2;
				MARKETING_VERSION = 1.0;
				PRODUCT_BUNDLE_IDENTIFIER = youseokhwan.HarryPotterBooksTests;
				PRODUCT_NAME = "$(TARGET_NAME)";
				SDKROOT = auto;
				SUPPORTED_PLATFORMS = "iphoneos iphonesimulator";
				SUPPORTS_MACCATALYST = NO;
				SWIFT_EMIT_LOC_STRINGS = NO;
				SWIFT_VERSION = 5.0;
				TARGETED_DEVICE_FAMILY = 1;
				TEST_HOST = "$(BUILT_PRODUCTS_DIR)/HarryPotterBooks.app/$(BUNDLE_EXECUTABLE_FOLDER_PATH)/HarryPotterBooks";
				XROS_DEPLOYMENT_TARGET = 2.2;
			};
			name = Debug;
		};
		448144612D93FB94007BDE19 /* Release */ = {
			isa = XCBuildConfiguration;
			buildSettings = {
				BUNDLE_LOADER = "$(TEST_HOST)";
				CODE_SIGN_STYLE = Automatic;
				CURRENT_PROJECT_VERSION = 1;
				DEVELOPMENT_TEAM = 37CRZBHS68;
				GENERATE_INFOPLIST_FILE = YES;
				IPHONEOS_DEPLOYMENT_TARGET = 16.0;
				MACOSX_DEPLOYMENT_TARGET = 15.2;
				MARKETING_VERSION = 1.0;
				PRODUCT_BUNDLE_IDENTIFIER = youseokhwan.HarryPotterBooksTests;
				PRODUCT_NAME = "$(TARGET_NAME)";
				SDKROOT = auto;
				SUPPORTED_PLATFORMS = "iphoneos iphonesimulator";
				SUPPORTS_MACCATALYST = NO;
				SWIFT_EMIT_LOC_STRINGS = NO;
				SWIFT_VERSION = 5.0;
				TARGETED_DEVICE_FAMILY = 1;
				TEST_HOST = "$(BUILT_PRODUCTS_DIR)/HarryPotterBooks.app/$(BUNDLE_EXECUTABLE_FOLDER_PATH)/HarryPotterBooks";
				XROS_DEPLOYMENT_TARGET = 2.2;
			};
			name = Release;
		};
		44CA0DFA2D927C220089E6B0 /* Debug */ = {
			isa = XCBuildConfiguration;
			buildSettings = {
				ASSETCATALOG_COMPILER_APPICON_NAME = AppIcon;
				ASSETCATALOG_COMPILER_GLOBAL_ACCENT_COLOR_NAME = AccentColor;
				CODE_SIGN_STYLE = Automatic;
				CURRENT_PROJECT_VERSION = 1;
				DEVELOPMENT_TEAM = 37CRZBHS68;
				GENERATE_INFOPLIST_FILE = YES;
				INFOPLIST_FILE = HarryPotterBooks/Info.plist;
				INFOPLIST_KEY_UIApplicationSupportsIndirectInputEvents = YES;
				INFOPLIST_KEY_UISupportedInterfaceOrientations_iPad = "UIInterfaceOrientationPortrait UIInterfaceOrientationPortraitUpsideDown UIInterfaceOrientationLandscapeLeft UIInterfaceOrientationLandscapeRight";
				INFOPLIST_KEY_UISupportedInterfaceOrientations_iPhone = "UIInterfaceOrientationPortrait UIInterfaceOrientationLandscapeLeft UIInterfaceOrientationLandscapeRight";
				IPHONEOS_DEPLOYMENT_TARGET = 16.0;
				LD_RUNPATH_SEARCH_PATHS = (
					"$(inherited)",
					"@executable_path/Frameworks",
				);
				MARKETING_VERSION = 1.0;
				PRODUCT_BUNDLE_IDENTIFIER = youseokhwan.HarryPotterBooks;
				PRODUCT_NAME = "$(TARGET_NAME)";
				SUPPORTED_PLATFORMS = "iphoneos iphonesimulator";
				SUPPORTS_MACCATALYST = NO;
				SUPPORTS_MAC_DESIGNED_FOR_IPHONE_IPAD = NO;
				SUPPORTS_XR_DESIGNED_FOR_IPHONE_IPAD = NO;
				SWIFT_EMIT_LOC_STRINGS = YES;
				SWIFT_VERSION = 5.0;
				TARGETED_DEVICE_FAMILY = 1;
			};
			name = Debug;
		};
		44CA0DFB2D927C220089E6B0 /* Release */ = {
			isa = XCBuildConfiguration;
			buildSettings = {
				ASSETCATALOG_COMPILER_APPICON_NAME = AppIcon;
				ASSETCATALOG_COMPILER_GLOBAL_ACCENT_COLOR_NAME = AccentColor;
				CODE_SIGN_STYLE = Automatic;
				CURRENT_PROJECT_VERSION = 1;
				DEVELOPMENT_TEAM = 37CRZBHS68;
				GENERATE_INFOPLIST_FILE = YES;
				INFOPLIST_FILE = HarryPotterBooks/Info.plist;
				INFOPLIST_KEY_UIApplicationSupportsIndirectInputEvents = YES;
				INFOPLIST_KEY_UISupportedInterfaceOrientations_iPad = "UIInterfaceOrientationPortrait UIInterfaceOrientationPortraitUpsideDown UIInterfaceOrientationLandscapeLeft UIInterfaceOrientationLandscapeRight";
				INFOPLIST_KEY_UISupportedInterfaceOrientations_iPhone = "UIInterfaceOrientationPortrait UIInterfaceOrientationLandscapeLeft UIInterfaceOrientationLandscapeRight";
				IPHONEOS_DEPLOYMENT_TARGET = 16.0;
				LD_RUNPATH_SEARCH_PATHS = (
					"$(inherited)",
					"@executable_path/Frameworks",
				);
				MARKETING_VERSION = 1.0;
				PRODUCT_BUNDLE_IDENTIFIER = youseokhwan.HarryPotterBooks;
				PRODUCT_NAME = "$(TARGET_NAME)";
				SUPPORTED_PLATFORMS = "iphoneos iphonesimulator";
				SUPPORTS_MACCATALYST = NO;
				SUPPORTS_MAC_DESIGNED_FOR_IPHONE_IPAD = NO;
				SUPPORTS_XR_DESIGNED_FOR_IPHONE_IPAD = NO;
				SWIFT_EMIT_LOC_STRINGS = YES;
				SWIFT_VERSION = 5.0;
				TARGETED_DEVICE_FAMILY = 1;
			};
			name = Release;
		};
		44CA0DFC2D927C220089E6B0 /* Debug */ = {
			isa = XCBuildConfiguration;
			buildSettings = {
				ALWAYS_SEARCH_USER_PATHS = NO;
				ASSETCATALOG_COMPILER_GENERATE_SWIFT_ASSET_SYMBOL_EXTENSIONS = YES;
				CLANG_ANALYZER_NONNULL = YES;
				CLANG_ANALYZER_NUMBER_OBJECT_CONVERSION = YES_AGGRESSIVE;
				CLANG_CXX_LANGUAGE_STANDARD = "gnu++20";
				CLANG_ENABLE_MODULES = YES;
				CLANG_ENABLE_OBJC_ARC = YES;
				CLANG_ENABLE_OBJC_WEAK = YES;
				CLANG_WARN_BLOCK_CAPTURE_AUTORELEASING = YES;
				CLANG_WARN_BOOL_CONVERSION = YES;
				CLANG_WARN_COMMA = YES;
				CLANG_WARN_CONSTANT_CONVERSION = YES;
				CLANG_WARN_DEPRECATED_OBJC_IMPLEMENTATIONS = YES;
				CLANG_WARN_DIRECT_OBJC_ISA_USAGE = YES_ERROR;
				CLANG_WARN_DOCUMENTATION_COMMENTS = YES;
				CLANG_WARN_EMPTY_BODY = YES;
				CLANG_WARN_ENUM_CONVERSION = YES;
				CLANG_WARN_INFINITE_RECURSION = YES;
				CLANG_WARN_INT_CONVERSION = YES;
				CLANG_WARN_NON_LITERAL_NULL_CONVERSION = YES;
				CLANG_WARN_OBJC_IMPLICIT_RETAIN_SELF = YES;
				CLANG_WARN_OBJC_LITERAL_CONVERSION = YES;
				CLANG_WARN_OBJC_ROOT_CLASS = YES_ERROR;
				CLANG_WARN_QUOTED_INCLUDE_IN_FRAMEWORK_HEADER = YES;
				CLANG_WARN_RANGE_LOOP_ANALYSIS = YES;
				CLANG_WARN_STRICT_PROTOTYPES = YES;
				CLANG_WARN_SUSPICIOUS_MOVE = YES;
				CLANG_WARN_UNGUARDED_AVAILABILITY = YES_AGGRESSIVE;
				CLANG_WARN_UNREACHABLE_CODE = YES;
				CLANG_WARN__DUPLICATE_METHOD_MATCH = YES;
				COPY_PHASE_STRIP = NO;
				DEBUG_INFORMATION_FORMAT = dwarf;
				ENABLE_STRICT_OBJC_MSGSEND = YES;
				ENABLE_TESTABILITY = YES;
				ENABLE_USER_SCRIPT_SANDBOXING = YES;
				GCC_C_LANGUAGE_STANDARD = gnu17;
				GCC_DYNAMIC_NO_PIC = NO;
				GCC_NO_COMMON_BLOCKS = YES;
				GCC_OPTIMIZATION_LEVEL = 0;
				GCC_PREPROCESSOR_DEFINITIONS = (
					"DEBUG=1",
					"$(inherited)",
				);
				GCC_WARN_64_TO_32_BIT_CONVERSION = YES;
				GCC_WARN_ABOUT_RETURN_TYPE = YES_ERROR;
				GCC_WARN_UNDECLARED_SELECTOR = YES;
				GCC_WARN_UNINITIALIZED_AUTOS = YES_AGGRESSIVE;
				GCC_WARN_UNUSED_FUNCTION = YES;
				GCC_WARN_UNUSED_VARIABLE = YES;
				IPHONEOS_DEPLOYMENT_TARGET = 18.2;
				LOCALIZATION_PREFERS_STRING_CATALOGS = YES;
				MTL_ENABLE_DEBUG_INFO = INCLUDE_SOURCE;
				MTL_FAST_MATH = YES;
				ONLY_ACTIVE_ARCH = YES;
				SDKROOT = iphoneos;
				SWIFT_ACTIVE_COMPILATION_CONDITIONS = "DEBUG $(inherited)";
				SWIFT_OPTIMIZATION_LEVEL = "-Onone";
			};
			name = Debug;
		};
		44CA0DFD2D927C220089E6B0 /* Release */ = {
			isa = XCBuildConfiguration;
			buildSettings = {
				ALWAYS_SEARCH_USER_PATHS = NO;
				ASSETCATALOG_COMPILER_GENERATE_SWIFT_ASSET_SYMBOL_EXTENSIONS = YES;
				CLANG_ANALYZER_NONNULL = YES;
				CLANG_ANALYZER_NUMBER_OBJECT_CONVERSION = YES_AGGRESSIVE;
				CLANG_CXX_LANGUAGE_STANDARD = "gnu++20";
				CLANG_ENABLE_MODULES = YES;
				CLANG_ENABLE_OBJC_ARC = YES;
				CLANG_ENABLE_OBJC_WEAK = YES;
				CLANG_WARN_BLOCK_CAPTURE_AUTORELEASING = YES;
				CLANG_WARN_BOOL_CONVERSION = YES;
				CLANG_WARN_COMMA = YES;
				CLANG_WARN_CONSTANT_CONVERSION = YES;
				CLANG_WARN_DEPRECATED_OBJC_IMPLEMENTATIONS = YES;
				CLANG_WARN_DIRECT_OBJC_ISA_USAGE = YES_ERROR;
				CLANG_WARN_DOCUMENTATION_COMMENTS = YES;
				CLANG_WARN_EMPTY_BODY = YES;
				CLANG_WARN_ENUM_CONVERSION = YES;
				CLANG_WARN_INFINITE_RECURSION = YES;
				CLANG_WARN_INT_CONVERSION = YES;
				CLANG_WARN_NON_LITERAL_NULL_CONVERSION = YES;
				CLANG_WARN_OBJC_IMPLICIT_RETAIN_SELF = YES;
				CLANG_WARN_OBJC_LITERAL_CONVERSION = YES;
				CLANG_WARN_OBJC_ROOT_CLASS = YES_ERROR;
				CLANG_WARN_QUOTED_INCLUDE_IN_FRAMEWORK_HEADER = YES;
				CLANG_WARN_RANGE_LOOP_ANALYSIS = YES;
				CLANG_WARN_STRICT_PROTOTYPES = YES;
				CLANG_WARN_SUSPICIOUS_MOVE = YES;
				CLANG_WARN_UNGUARDED_AVAILABILITY = YES_AGGRESSIVE;
				CLANG_WARN_UNREACHABLE_CODE = YES;
				CLANG_WARN__DUPLICATE_METHOD_MATCH = YES;
				COPY_PHASE_STRIP = NO;
				DEBUG_INFORMATION_FORMAT = "dwarf-with-dsym";
				ENABLE_NS_ASSERTIONS = NO;
				ENABLE_STRICT_OBJC_MSGSEND = YES;
				ENABLE_USER_SCRIPT_SANDBOXING = YES;
				GCC_C_LANGUAGE_STANDARD = gnu17;
				GCC_NO_COMMON_BLOCKS = YES;
				GCC_WARN_64_TO_32_BIT_CONVERSION = YES;
				GCC_WARN_ABOUT_RETURN_TYPE = YES_ERROR;
				GCC_WARN_UNDECLARED_SELECTOR = YES;
				GCC_WARN_UNINITIALIZED_AUTOS = YES_AGGRESSIVE;
				GCC_WARN_UNUSED_FUNCTION = YES;
				GCC_WARN_UNUSED_VARIABLE = YES;
				IPHONEOS_DEPLOYMENT_TARGET = 18.2;
				LOCALIZATION_PREFERS_STRING_CATALOGS = YES;
				MTL_ENABLE_DEBUG_INFO = NO;
				MTL_FAST_MATH = YES;
				SDKROOT = iphoneos;
				SWIFT_COMPILATION_MODE = wholemodule;
				VALIDATE_PRODUCT = YES;
			};
			name = Release;
		};
/* End XCBuildConfiguration section */

/* Begin XCConfigurationList section */
		441995052D9CF4F0004CBA25 /* Build configuration list for PBXNativeTarget "HarryPotterBooksUITests" */ = {
			isa = XCConfigurationList;
			buildConfigurations = (
				441995032D9CF4F0004CBA25 /* Debug */,
				441995042D9CF4F0004CBA25 /* Release */,
			);
			defaultConfigurationIsVisible = 0;
			defaultConfigurationName = Release;
		};
		448144622D93FB94007BDE19 /* Build configuration list for PBXNativeTarget "HarryPotterBooksTests" */ = {
			isa = XCConfigurationList;
			buildConfigurations = (
				448144602D93FB94007BDE19 /* Debug */,
				448144612D93FB94007BDE19 /* Release */,
			);
			defaultConfigurationIsVisible = 0;
			defaultConfigurationName = Release;
		};
		44CA0DE12D927C210089E6B0 /* Build configuration list for PBXProject "HarryPotterBooks" */ = {
			isa = XCConfigurationList;
			buildConfigurations = (
				44CA0DFC2D927C220089E6B0 /* Debug */,
				44CA0DFD2D927C220089E6B0 /* Release */,
			);
			defaultConfigurationIsVisible = 0;
			defaultConfigurationName = Release;
		};
		44CA0DF92D927C220089E6B0 /* Build configuration list for PBXNativeTarget "HarryPotterBooks" */ = {
			isa = XCConfigurationList;
			buildConfigurations = (
				44CA0DFA2D927C220089E6B0 /* Debug */,
				44CA0DFB2D927C220089E6B0 /* Release */,
			);
			defaultConfigurationIsVisible = 0;
			defaultConfigurationName = Release;
		};
/* End XCConfigurationList section */

/* Begin XCRemoteSwiftPackageReference section */
		44CA0E002D927EA10089E6B0 /* XCRemoteSwiftPackageReference "SnapKit" */ = {
			isa = XCRemoteSwiftPackageReference;
			repositoryURL = "https://github.com/SnapKit/SnapKit";
			requirement = {
				kind = exactVersion;
				version = 5.7.1;
			};
		};
/* End XCRemoteSwiftPackageReference section */

/* Begin XCSwiftPackageProductDependency section */
		44CA0E012D927EA10089E6B0 /* SnapKit */ = {
			isa = XCSwiftPackageProductDependency;
			package = 44CA0E002D927EA10089E6B0 /* XCRemoteSwiftPackageReference "SnapKit" */;
			productName = SnapKit;
		};
/* End XCSwiftPackageProductDependency section */
	};
	rootObject = 44CA0DDE2D927C210089E6B0 /* Project object */;
}
