// !$*UTF8*$!
{
	archiveVersion = 1;
	classes = {
	};
	objectVersion = 56;
	objects = {

/* Begin PBXBuildFile section */
		9537BF562D94220D00DB43CC /* DateManager.swift in Sources */ = {isa = PBXBuildFile; fileRef = 9537BF552D94220D00DB43CC /* DateManager.swift */; };
		9552526E2D94EECA00EF3ED8 /* BookInfoBottomView.swift in Sources */ = {isa = PBXBuildFile; fileRef = 9552526D2D94EECA00EF3ED8 /* BookInfoBottomView.swift */; };
		955252702D94F30200EF3ED8 /* TitleContentView.swift in Sources */ = {isa = PBXBuildFile; fileRef = 9552526F2D94F30200EF3ED8 /* TitleContentView.swift */; };
		959724CE2D918CD600DEB155 /* AppDelegate.swift in Sources */ = {isa = PBXBuildFile; fileRef = 959724CD2D918CD600DEB155 /* AppDelegate.swift */; };
		959724D02D918CD600DEB155 /* SceneDelegate.swift in Sources */ = {isa = PBXBuildFile; fileRef = 959724CF2D918CD600DEB155 /* SceneDelegate.swift */; };
		959724D22D918CD600DEB155 /* MainViewController.swift in Sources */ = {isa = PBXBuildFile; fileRef = 959724D12D918CD600DEB155 /* MainViewController.swift */; };
		959724D72D918CD700DEB155 /* Assets.xcassets in Resources */ = {isa = PBXBuildFile; fileRef = 959724D62D918CD700DEB155 /* Assets.xcassets */; };
		959724DA2D918CD700DEB155 /* Base in Resources */ = {isa = PBXBuildFile; fileRef = 959724D92D918CD700DEB155 /* Base */; };
		959724E42D91AD5800DEB155 /* data.json in Resources */ = {isa = PBXBuildFile; fileRef = 959724E32D91AD5800DEB155 /* data.json */; };
		959724EA2D9276E600DEB155 /* MainView.swift in Sources */ = {isa = PBXBuildFile; fileRef = 959724E92D9276E600DEB155 /* MainView.swift */; };
		959724EC2D9276EF00DEB155 /* MainViewModel.swift in Sources */ = {isa = PBXBuildFile; fileRef = 959724EB2D9276EF00DEB155 /* MainViewModel.swift */; };
		959724EE2D9279F000DEB155 /* DataService.swift in Sources */ = {isa = PBXBuildFile; fileRef = 959724ED2D9279F000DEB155 /* DataService.swift */; };
		959724F12D927DA300DEB155 /* BookResponse.swift in Sources */ = {isa = PBXBuildFile; fileRef = 959724F02D927DA300DEB155 /* BookResponse.swift */; };
		959724F42D928F0A00DEB155 /* SnapKit in Frameworks */ = {isa = PBXBuildFile; productRef = 959724F32D928F0A00DEB155 /* SnapKit */; };
		959724F72D928F3C00DEB155 /* Then in Frameworks */ = {isa = PBXBuildFile; productRef = 959724F62D928F3C00DEB155 /* Then */; };
		959724FB2D93C05900DEB155 /* BookInfoMiddleView.swift in Sources */ = {isa = PBXBuildFile; fileRef = 959724FA2D93C05900DEB155 /* BookInfoMiddleView.swift */; };
		959724FD2D93F25C00DEB155 /* DataError.swift in Sources */ = {isa = PBXBuildFile; fileRef = 959724FC2D93F25C00DEB155 /* DataError.swift */; };
		959725002D93F37900DEB155 /* UIViewController+.swift in Sources */ = {isa = PBXBuildFile; fileRef = 959724FF2D93F37900DEB155 /* UIViewController+.swift */; };
/* End PBXBuildFile section */

/* Begin PBXFileReference section */
		9537BF552D94220D00DB43CC /* DateManager.swift */ = {isa = PBXFileReference; lastKnownFileType = sourcecode.swift; path = DateManager.swift; sourceTree = "<group>"; };
		9552526D2D94EECA00EF3ED8 /* BookInfoBottomView.swift */ = {isa = PBXFileReference; lastKnownFileType = sourcecode.swift; path = BookInfoBottomView.swift; sourceTree = "<group>"; };
		9552526F2D94F30200EF3ED8 /* TitleContentView.swift */ = {isa = PBXFileReference; lastKnownFileType = sourcecode.swift; path = TitleContentView.swift; sourceTree = "<group>"; };
		959724CA2D918CD600DEB155 /* HarryPotterBooks.app */ = {isa = PBXFileReference; explicitFileType = wrapper.application; includeInIndex = 0; path = HarryPotterBooks.app; sourceTree = BUILT_PRODUCTS_DIR; };
		959724CD2D918CD600DEB155 /* AppDelegate.swift */ = {isa = PBXFileReference; lastKnownFileType = sourcecode.swift; path = AppDelegate.swift; sourceTree = "<group>"; };
		959724CF2D918CD600DEB155 /* SceneDelegate.swift */ = {isa = PBXFileReference; lastKnownFileType = sourcecode.swift; path = SceneDelegate.swift; sourceTree = "<group>"; };
		959724D12D918CD600DEB155 /* MainViewController.swift */ = {isa = PBXFileReference; lastKnownFileType = sourcecode.swift; path = MainViewController.swift; sourceTree = "<group>"; };
		959724D62D918CD700DEB155 /* Assets.xcassets */ = {isa = PBXFileReference; lastKnownFileType = folder.assetcatalog; path = Assets.xcassets; sourceTree = "<group>"; };
		959724D92D918CD700DEB155 /* Base */ = {isa = PBXFileReference; lastKnownFileType = file.storyboard; name = Base; path = Base.lproj/LaunchScreen.storyboard; sourceTree = "<group>"; };
		959724DB2D918CD700DEB155 /* Info.plist */ = {isa = PBXFileReference; lastKnownFileType = text.plist.xml; path = Info.plist; sourceTree = "<group>"; };
		959724E32D91AD5800DEB155 /* data.json */ = {isa = PBXFileReference; fileEncoding = 4; lastKnownFileType = text.json; path = data.json; sourceTree = "<group>"; };
		959724E92D9276E600DEB155 /* MainView.swift */ = {isa = PBXFileReference; lastKnownFileType = sourcecode.swift; path = MainView.swift; sourceTree = "<group>"; };
		959724EB2D9276EF00DEB155 /* MainViewModel.swift */ = {isa = PBXFileReference; lastKnownFileType = sourcecode.swift; path = MainViewModel.swift; sourceTree = "<group>"; };
		959724ED2D9279F000DEB155 /* DataService.swift */ = {isa = PBXFileReference; fileEncoding = 4; lastKnownFileType = sourcecode.swift; path = DataService.swift; sourceTree = "<group>"; };
		959724F02D927DA300DEB155 /* BookResponse.swift */ = {isa = PBXFileReference; lastKnownFileType = sourcecode.swift; path = BookResponse.swift; sourceTree = "<group>"; };
		959724FA2D93C05900DEB155 /* BookInfoMiddleView.swift */ = {isa = PBXFileReference; lastKnownFileType = sourcecode.swift; path = BookInfoMiddleView.swift; sourceTree = "<group>"; };
		959724FC2D93F25C00DEB155 /* DataError.swift */ = {isa = PBXFileReference; lastKnownFileType = sourcecode.swift; path = DataError.swift; sourceTree = "<group>"; };
		959724FF2D93F37900DEB155 /* UIViewController+.swift */ = {isa = PBXFileReference; lastKnownFileType = sourcecode.swift; path = "UIViewController+.swift"; sourceTree = "<group>"; };
/* End PBXFileReference section */

/* Begin PBXFrameworksBuildPhase section */
		959724C72D918CD600DEB155 /* Frameworks */ = {
			isa = PBXFrameworksBuildPhase;
			buildActionMask = 2147483647;
			files = (
				959724F42D928F0A00DEB155 /* SnapKit in Frameworks */,
				959724F72D928F3C00DEB155 /* Then in Frameworks */,
			);
			runOnlyForDeploymentPostprocessing = 0;
		};
/* End PBXFrameworksBuildPhase section */

/* Begin PBXGroup section */
		959724C12D918CD600DEB155 = {
			isa = PBXGroup;
			children = (
				959724CC2D918CD600DEB155 /* HarryPotterBooks */,
				959724CB2D918CD600DEB155 /* Products */,
			);
			sourceTree = "<group>";
		};
		959724CB2D918CD600DEB155 /* Products */ = {
			isa = PBXGroup;
			children = (
				959724CA2D918CD600DEB155 /* HarryPotterBooks.app */,
			);
			name = Products;
			sourceTree = "<group>";
		};
		959724CC2D918CD600DEB155 /* HarryPotterBooks */ = {
			isa = PBXGroup;
			children = (
				959724E82D9276C700DEB155 /* Global */,
				959724F82D92A56F00DEB155 /* Resources */,
				959724F92D92A5DD00DEB155 /* Networking */,
				959724EF2D927D7300DEB155 /* Model */,
				959724E72D91ADB600DEB155 /* ViewControllers */,
				959724E62D91ADB100DEB155 /* ViewModels */,
				959724E52D91ADA800DEB155 /* Views */,
				959724D82D918CD700DEB155 /* LaunchScreen.storyboard */,
				959724DB2D918CD700DEB155 /* Info.plist */,
			);
			path = HarryPotterBooks;
			sourceTree = "<group>";
		};
		959724E52D91ADA800DEB155 /* Views */ = {
			isa = PBXGroup;
			children = (
				959724E92D9276E600DEB155 /* MainView.swift */,
				959724FA2D93C05900DEB155 /* BookInfoMiddleView.swift */,
				9552526D2D94EECA00EF3ED8 /* BookInfoBottomView.swift */,
				9552526F2D94F30200EF3ED8 /* TitleContentView.swift */,
			);
			path = Views;
			sourceTree = "<group>";
		};
		959724E62D91ADB100DEB155 /* ViewModels */ = {
			isa = PBXGroup;
			children = (
				959724EB2D9276EF00DEB155 /* MainViewModel.swift */,
			);
			path = ViewModels;
			sourceTree = "<group>";
		};
		959724E72D91ADB600DEB155 /* ViewControllers */ = {
			isa = PBXGroup;
			children = (
				959724D12D918CD600DEB155 /* MainViewController.swift */,
			);
			path = ViewControllers;
			sourceTree = "<group>";
		};
		959724E82D9276C700DEB155 /* Global */ = {
			isa = PBXGroup;
			children = (
				959724FE2D93F36300DEB155 /* Extension */,
				959724CD2D918CD600DEB155 /* AppDelegate.swift */,
				959724CF2D918CD600DEB155 /* SceneDelegate.swift */,
				9537BF552D94220D00DB43CC /* DateManager.swift */,
			);
			path = Global;
			sourceTree = "<group>";
		};
		959724EF2D927D7300DEB155 /* Model */ = {
			isa = PBXGroup;
			children = (
				959724F02D927DA300DEB155 /* BookResponse.swift */,
			);
			path = Model;
			sourceTree = "<group>";
		};
		959724F82D92A56F00DEB155 /* Resources */ = {
			isa = PBXGroup;
			children = (
				959724D62D918CD700DEB155 /* Assets.xcassets */,
				959724E32D91AD5800DEB155 /* data.json */,
			);
			path = Resources;
			sourceTree = "<group>";
		};
		959724F92D92A5DD00DEB155 /* Networking */ = {
			isa = PBXGroup;
			children = (
				959724ED2D9279F000DEB155 /* DataService.swift */,
				959724FC2D93F25C00DEB155 /* DataError.swift */,
			);
			path = Networking;
			sourceTree = "<group>";
		};
		959724FE2D93F36300DEB155 /* Extension */ = {
			isa = PBXGroup;
			children = (
				959724FF2D93F37900DEB155 /* UIViewController+.swift */,
			);
			path = Extension;
			sourceTree = "<group>";
		};
/* End PBXGroup section */

/* Begin PBXNativeTarget section */
		959724C92D918CD600DEB155 /* HarryPotterBooks */ = {
			isa = PBXNativeTarget;
			buildConfigurationList = 959724DE2D918CD700DEB155 /* Build configuration list for PBXNativeTarget "HarryPotterBooks" */;
			buildPhases = (
				959724C62D918CD600DEB155 /* Sources */,
				959724C72D918CD600DEB155 /* Frameworks */,
				959724C82D918CD600DEB155 /* Resources */,
			);
			buildRules = (
			);
			dependencies = (
			);
			name = HarryPotterBooks;
			packageProductDependencies = (
				959724F32D928F0A00DEB155 /* SnapKit */,
				959724F62D928F3C00DEB155 /* Then */,
			);
			productName = HarryPotterBooks;
			productReference = 959724CA2D918CD600DEB155 /* HarryPotterBooks.app */;
			productType = "com.apple.product-type.application";
		};
/* End PBXNativeTarget section */

/* Begin PBXProject section */
		959724C22D918CD600DEB155 /* Project object */ = {
			isa = PBXProject;
			attributes = {
				BuildIndependentTargetsInParallel = 1;
				LastSwiftUpdateCheck = 1530;
				LastUpgradeCheck = 1530;
				TargetAttributes = {
					959724C92D918CD600DEB155 = {
						CreatedOnToolsVersion = 15.3;
					};
				};
			};
			buildConfigurationList = 959724C52D918CD600DEB155 /* Build configuration list for PBXProject "HarryPotterBooks" */;
			compatibilityVersion = "Xcode 14.0";
			developmentRegion = en;
			hasScannedForEncodings = 0;
			knownRegions = (
				en,
				Base,
			);
			mainGroup = 959724C12D918CD600DEB155;
			packageReferences = (
				959724F22D928F0A00DEB155 /* XCRemoteSwiftPackageReference "SnapKit" */,
				959724F52D928F3C00DEB155 /* XCRemoteSwiftPackageReference "Then" */,
			);
			productRefGroup = 959724CB2D918CD600DEB155 /* Products */;
			projectDirPath = "";
			projectRoot = "";
			targets = (
				959724C92D918CD600DEB155 /* HarryPotterBooks */,
			);
		};
/* End PBXProject section */

/* Begin PBXResourcesBuildPhase section */
		959724C82D918CD600DEB155 /* Resources */ = {
			isa = PBXResourcesBuildPhase;
			buildActionMask = 2147483647;
			files = (
				959724D72D918CD700DEB155 /* Assets.xcassets in Resources */,
				959724E42D91AD5800DEB155 /* data.json in Resources */,
				959724DA2D918CD700DEB155 /* Base in Resources */,
			);
			runOnlyForDeploymentPostprocessing = 0;
		};
/* End PBXResourcesBuildPhase section */

/* Begin PBXSourcesBuildPhase section */
		959724C62D918CD600DEB155 /* Sources */ = {
			isa = PBXSourcesBuildPhase;
			buildActionMask = 2147483647;
			files = (
				959724EC2D9276EF00DEB155 /* MainViewModel.swift in Sources */,
				959724D22D918CD600DEB155 /* MainViewController.swift in Sources */,
				959725002D93F37900DEB155 /* UIViewController+.swift in Sources */,
				959724EA2D9276E600DEB155 /* MainView.swift in Sources */,
				959724EE2D9279F000DEB155 /* DataService.swift in Sources */,
				959724CE2D918CD600DEB155 /* AppDelegate.swift in Sources */,
				959724D02D918CD600DEB155 /* SceneDelegate.swift in Sources */,
				9537BF562D94220D00DB43CC /* DateManager.swift in Sources */,
				959724FD2D93F25C00DEB155 /* DataError.swift in Sources */,
				959724F12D927DA300DEB155 /* BookResponse.swift in Sources */,
				955252702D94F30200EF3ED8 /* TitleContentView.swift in Sources */,
				9552526E2D94EECA00EF3ED8 /* BookInfoBottomView.swift in Sources */,
				959724FB2D93C05900DEB155 /* BookInfoMiddleView.swift in Sources */,
			);
			runOnlyForDeploymentPostprocessing = 0;
		};
/* End PBXSourcesBuildPhase section */

/* Begin PBXVariantGroup section */
		959724D82D918CD700DEB155 /* LaunchScreen.storyboard */ = {
			isa = PBXVariantGroup;
			children = (
				959724D92D918CD700DEB155 /* Base */,
			);
			name = LaunchScreen.storyboard;
			sourceTree = "<group>";
		};
/* End PBXVariantGroup section */

/* Begin XCBuildConfiguration section */
		959724DC2D918CD700DEB155 /* Debug */ = {
			isa = XCBuildConfiguration;
			buildSettings = {
				ALWAYS_SEARCH_USER_PATHS = NO;
				ASSETCATALOG_COMPILER_GENERATE_SWIFT_ASSET_SYMBOL_EXTENSIONS = YES;
				CLANG_ANALYZER_NONNULL = YES;
				CLANG_ANALYZER_NUMBER_OBJECT_CONVERSION = YES_AGGRESSIVE;
				CLANG_CXX_LANGUAGE_STANDARD = "gnu++20";
				CLANG_ENABLE_MODULES = YES;
				CLANG_ENABLE_OBJC_ARC = YES;
				CLANG_ENABLE_OBJC_WEAK = YES;
				CLANG_WARN_BLOCK_CAPTURE_AUTORELEASING = YES;
				CLANG_WARN_BOOL_CONVERSION = YES;
				CLANG_WARN_COMMA = YES;
				CLANG_WARN_CONSTANT_CONVERSION = YES;
				CLANG_WARN_DEPRECATED_OBJC_IMPLEMENTATIONS = YES;
				CLANG_WARN_DIRECT_OBJC_ISA_USAGE = YES_ERROR;
				CLANG_WARN_DOCUMENTATION_COMMENTS = YES;
				CLANG_WARN_EMPTY_BODY = YES;
				CLANG_WARN_ENUM_CONVERSION = YES;
				CLANG_WARN_INFINITE_RECURSION = YES;
				CLANG_WARN_INT_CONVERSION = YES;
				CLANG_WARN_NON_LITERAL_NULL_CONVERSION = YES;
				CLANG_WARN_OBJC_IMPLICIT_RETAIN_SELF = YES;
				CLANG_WARN_OBJC_LITERAL_CONVERSION = YES;
				CLANG_WARN_OBJC_ROOT_CLASS = YES_ERROR;
				CLANG_WARN_QUOTED_INCLUDE_IN_FRAMEWORK_HEADER = YES;
				CLANG_WARN_RANGE_LOOP_ANALYSIS = YES;
				CLANG_WARN_STRICT_PROTOTYPES = YES;
				CLANG_WARN_SUSPICIOUS_MOVE = YES;
				CLANG_WARN_UNGUARDED_AVAILABILITY = YES_AGGRESSIVE;
				CLANG_WARN_UNREACHABLE_CODE = YES;
				CLANG_WARN__DUPLICATE_METHOD_MATCH = YES;
				COPY_PHASE_STRIP = NO;
				DEBUG_INFORMATION_FORMAT = dwarf;
				ENABLE_STRICT_OBJC_MSGSEND = YES;
				ENABLE_TESTABILITY = YES;
				ENABLE_USER_SCRIPT_SANDBOXING = YES;
				GCC_C_LANGUAGE_STANDARD = gnu17;
				GCC_DYNAMIC_NO_PIC = NO;
				GCC_NO_COMMON_BLOCKS = YES;
				GCC_OPTIMIZATION_LEVEL = 0;
				GCC_PREPROCESSOR_DEFINITIONS = (
					"DEBUG=1",
					"$(inherited)",
				);
				GCC_WARN_64_TO_32_BIT_CONVERSION = YES;
				GCC_WARN_ABOUT_RETURN_TYPE = YES_ERROR;
				GCC_WARN_UNDECLARED_SELECTOR = YES;
				GCC_WARN_UNINITIALIZED_AUTOS = YES_AGGRESSIVE;
				GCC_WARN_UNUSED_FUNCTION = YES;
				GCC_WARN_UNUSED_VARIABLE = YES;
				IPHONEOS_DEPLOYMENT_TARGET = 17.4;
				LOCALIZATION_PREFERS_STRING_CATALOGS = YES;
				MTL_ENABLE_DEBUG_INFO = INCLUDE_SOURCE;
				MTL_FAST_MATH = YES;
				ONLY_ACTIVE_ARCH = YES;
				SDKROOT = iphoneos;
				SWIFT_ACTIVE_COMPILATION_CONDITIONS = "DEBUG $(inherited)";
				SWIFT_OPTIMIZATION_LEVEL = "-Onone";
			};
			name = Debug;
		};
		959724DD2D918CD700DEB155 /* Release */ = {
			isa = XCBuildConfiguration;
			buildSettings = {
				ALWAYS_SEARCH_USER_PATHS = NO;
				ASSETCATALOG_COMPILER_GENERATE_SWIFT_ASSET_SYMBOL_EXTENSIONS = YES;
				CLANG_ANALYZER_NONNULL = YES;
				CLANG_ANALYZER_NUMBER_OBJECT_CONVERSION = YES_AGGRESSIVE;
				CLANG_CXX_LANGUAGE_STANDARD = "gnu++20";
				CLANG_ENABLE_MODULES = YES;
				CLANG_ENABLE_OBJC_ARC = YES;
				CLANG_ENABLE_OBJC_WEAK = YES;
				CLANG_WARN_BLOCK_CAPTURE_AUTORELEASING = YES;
				CLANG_WARN_BOOL_CONVERSION = YES;
				CLANG_WARN_COMMA = YES;
				CLANG_WARN_CONSTANT_CONVERSION = YES;
				CLANG_WARN_DEPRECATED_OBJC_IMPLEMENTATIONS = YES;
				CLANG_WARN_DIRECT_OBJC_ISA_USAGE = YES_ERROR;
				CLANG_WARN_DOCUMENTATION_COMMENTS = YES;
				CLANG_WARN_EMPTY_BODY = YES;
				CLANG_WARN_ENUM_CONVERSION = YES;
				CLANG_WARN_INFINITE_RECURSION = YES;
				CLANG_WARN_INT_CONVERSION = YES;
				CLANG_WARN_NON_LITERAL_NULL_CONVERSION = YES;
				CLANG_WARN_OBJC_IMPLICIT_RETAIN_SELF = YES;
				CLANG_WARN_OBJC_LITERAL_CONVERSION = YES;
				CLANG_WARN_OBJC_ROOT_CLASS = YES_ERROR;
				CLANG_WARN_QUOTED_INCLUDE_IN_FRAMEWORK_HEADER = YES;
				CLANG_WARN_RANGE_LOOP_ANALYSIS = YES;
				CLANG_WARN_STRICT_PROTOTYPES = YES;
				CLANG_WARN_SUSPICIOUS_MOVE = YES;
				CLANG_WARN_UNGUARDED_AVAILABILITY = YES_AGGRESSIVE;
				CLANG_WARN_UNREACHABLE_CODE = YES;
				CLANG_WARN__DUPLICATE_METHOD_MATCH = YES;
				COPY_PHASE_STRIP = NO;
				DEBUG_INFORMATION_FORMAT = "dwarf-with-dsym";
				ENABLE_NS_ASSERTIONS = NO;
				ENABLE_STRICT_OBJC_MSGSEND = YES;
				ENABLE_USER_SCRIPT_SANDBOXING = YES;
				GCC_C_LANGUAGE_STANDARD = gnu17;
				GCC_NO_COMMON_BLOCKS = YES;
				GCC_WARN_64_TO_32_BIT_CONVERSION = YES;
				GCC_WARN_ABOUT_RETURN_TYPE = YES_ERROR;
				GCC_WARN_UNDECLARED_SELECTOR = YES;
				GCC_WARN_UNINITIALIZED_AUTOS = YES_AGGRESSIVE;
				GCC_WARN_UNUSED_FUNCTION = YES;
				GCC_WARN_UNUSED_VARIABLE = YES;
				IPHONEOS_DEPLOYMENT_TARGET = 17.4;
				LOCALIZATION_PREFERS_STRING_CATALOGS = YES;
				MTL_ENABLE_DEBUG_INFO = NO;
				MTL_FAST_MATH = YES;
				SDKROOT = iphoneos;
				SWIFT_COMPILATION_MODE = wholemodule;
				VALIDATE_PRODUCT = YES;
			};
			name = Release;
		};
		959724DF2D918CD700DEB155 /* Debug */ = {
			isa = XCBuildConfiguration;
			buildSettings = {
				ASSETCATALOG_COMPILER_APPICON_NAME = AppIcon;
				ASSETCATALOG_COMPILER_GLOBAL_ACCENT_COLOR_NAME = AccentColor;
				CODE_SIGN_STYLE = Automatic;
				CURRENT_PROJECT_VERSION = 1;
				DEVELOPMENT_TEAM = R6V7ZUXR5H;
				GENERATE_INFOPLIST_FILE = YES;
				INFOPLIST_FILE = HarryPotterBooks/Info.plist;
				INFOPLIST_KEY_UIApplicationSupportsIndirectInputEvents = YES;
				INFOPLIST_KEY_UILaunchStoryboardName = LaunchScreen;
				INFOPLIST_KEY_UISupportedInterfaceOrientations_iPad = "UIInterfaceOrientationPortrait UIInterfaceOrientationPortraitUpsideDown UIInterfaceOrientationLandscapeLeft UIInterfaceOrientationLandscapeRight";
				INFOPLIST_KEY_UISupportedInterfaceOrientations_iPhone = "UIInterfaceOrientationPortrait UIInterfaceOrientationLandscapeLeft UIInterfaceOrientationLandscapeRight";
				IPHONEOS_DEPLOYMENT_TARGET = 16.0;
				LD_RUNPATH_SEARCH_PATHS = (
					"$(inherited)",
					"@executable_path/Frameworks",
				);
				MARKETING_VERSION = 1.0;
				PRODUCT_BUNDLE_IDENTIFIER = com.sks5075.HarryPotterBooks;
				PRODUCT_NAME = "$(TARGET_NAME)";
				SUPPORTED_PLATFORMS = "iphoneos iphonesimulator";
				SUPPORTS_MACCATALYST = NO;
				SUPPORTS_MAC_DESIGNED_FOR_IPHONE_IPAD = NO;
				SUPPORTS_XR_DESIGNED_FOR_IPHONE_IPAD = NO;
				SWIFT_EMIT_LOC_STRINGS = YES;
				SWIFT_VERSION = 5.0;
				TARGETED_DEVICE_FAMILY = 1;
			};
			name = Debug;
		};
		959724E02D918CD700DEB155 /* Release */ = {
			isa = XCBuildConfiguration;
			buildSettings = {
				ASSETCATALOG_COMPILER_APPICON_NAME = AppIcon;
				ASSETCATALOG_COMPILER_GLOBAL_ACCENT_COLOR_NAME = AccentColor;
				CODE_SIGN_STYLE = Automatic;
				CURRENT_PROJECT_VERSION = 1;
				DEVELOPMENT_TEAM = R6V7ZUXR5H;
				GENERATE_INFOPLIST_FILE = YES;
				INFOPLIST_FILE = HarryPotterBooks/Info.plist;
				INFOPLIST_KEY_UIApplicationSupportsIndirectInputEvents = YES;
				INFOPLIST_KEY_UILaunchStoryboardName = LaunchScreen;
				INFOPLIST_KEY_UISupportedInterfaceOrientations_iPad = "UIInterfaceOrientationPortrait UIInterfaceOrientationPortraitUpsideDown UIInterfaceOrientationLandscapeLeft UIInterfaceOrientationLandscapeRight";
				INFOPLIST_KEY_UISupportedInterfaceOrientations_iPhone = "UIInterfaceOrientationPortrait UIInterfaceOrientationLandscapeLeft UIInterfaceOrientationLandscapeRight";
				IPHONEOS_DEPLOYMENT_TARGET = 16.0;
				LD_RUNPATH_SEARCH_PATHS = (
					"$(inherited)",
					"@executable_path/Frameworks",
				);
				MARKETING_VERSION = 1.0;
				PRODUCT_BUNDLE_IDENTIFIER = com.sks5075.HarryPotterBooks;
				PRODUCT_NAME = "$(TARGET_NAME)";
				SUPPORTED_PLATFORMS = "iphoneos iphonesimulator";
				SUPPORTS_MACCATALYST = NO;
				SUPPORTS_MAC_DESIGNED_FOR_IPHONE_IPAD = NO;
				SUPPORTS_XR_DESIGNED_FOR_IPHONE_IPAD = NO;
				SWIFT_EMIT_LOC_STRINGS = YES;
				SWIFT_VERSION = 5.0;
				TARGETED_DEVICE_FAMILY = 1;
			};
			name = Release;
		};
/* End XCBuildConfiguration section */

/* Begin XCConfigurationList section */
		959724C52D918CD600DEB155 /* Build configuration list for PBXProject "HarryPotterBooks" */ = {
			isa = XCConfigurationList;
			buildConfigurations = (
				959724DC2D918CD700DEB155 /* Debug */,
				959724DD2D918CD700DEB155 /* Release */,
			);
			defaultConfigurationIsVisible = 0;
			defaultConfigurationName = Release;
		};
		959724DE2D918CD700DEB155 /* Build configuration list for PBXNativeTarget "HarryPotterBooks" */ = {
			isa = XCConfigurationList;
			buildConfigurations = (
				959724DF2D918CD700DEB155 /* Debug */,
				959724E02D918CD700DEB155 /* Release */,
			);
			defaultConfigurationIsVisible = 0;
			defaultConfigurationName = Release;
		};
/* End XCConfigurationList section */

/* Begin XCRemoteSwiftPackageReference section */
		959724F22D928F0A00DEB155 /* XCRemoteSwiftPackageReference "SnapKit" */ = {
			isa = XCRemoteSwiftPackageReference;
			repositoryURL = "https://github.com/SnapKit/SnapKit.git";
			requirement = {
				kind = exactVersion;
				version = 5.7.1;
			};
		};
		959724F52D928F3C00DEB155 /* XCRemoteSwiftPackageReference "Then" */ = {
			isa = XCRemoteSwiftPackageReference;
			repositoryURL = "https://github.com/devxoul/Then.git";
			requirement = {
				kind = exactVersion;
				version = 3.0.0;
			};
		};
/* End XCRemoteSwiftPackageReference section */

/* Begin XCSwiftPackageProductDependency section */
		959724F32D928F0A00DEB155 /* SnapKit */ = {
			isa = XCSwiftPackageProductDependency;
			package = 959724F22D928F0A00DEB155 /* XCRemoteSwiftPackageReference "SnapKit" */;
			productName = SnapKit;
		};
		959724F62D928F3C00DEB155 /* Then */ = {
			isa = XCSwiftPackageProductDependency;
			package = 959724F52D928F3C00DEB155 /* XCRemoteSwiftPackageReference "Then" */;
			productName = Then;
		};
/* End XCSwiftPackageProductDependency section */
	};
	rootObject = 959724C22D918CD600DEB155 /* Project object */;
}
